
Microsoft Visual Studio Solution File, Format Version 12.00
# Visual Studio Version 16
VisualStudioVersion = 16.0.30611.23
MinimumVisualStudioVersion = 10.0.40219.1
Project("{FAE04EC0-301F-11D3-BF4B-00C04F79EFBC}") = "socketiotest", "socketiotest\socketiotest.csproj", "{01DD99DC-44C6-4A8E-9188-ECDEB0279629}"
EndProject
Global
	GlobalSection(SolutionConfigurationPlatforms) = preSolution
		Debug|Any CPU = Debug|Any CPU
		Release|Any CPU = Release|Any CPU
	EndGlobalSection
	GlobalSection(ProjectConfigurationPlatforms) = postSolution
		{01DD99DC-44C6-4A8E-9188-ECDEB0279629}.Debug|Any CPU.ActiveCfg = Debug|Any CPU
		{01DD99DC-44C6-4A8E-9188-ECDEB0279629}.Debug|Any CPU.Build.0 = Debug|Any CPU
		{01DD99DC-44C6-4A8E-9188-ECDEB0279629}.Release|Any CPU.ActiveCfg = Release|Any CPU
		{01DD99DC-44C6-4A8E-9188-ECDEB0279629}.Release|Any CPU.Build.0 = Release|Any CPU
	EndGlobalSection
	GlobalSection(SolutionProperties) = preSolution
		HideSolutionNode = FALSE
	EndGlobalSection
	GlobalSection(ExtensibilityGlobals) = postSolution
		SolutionGuid = {98E7685C-6B54-458E-85D1-6B814CB3DAFC}
	EndGlobalSection
EndGlobal
